
Microsoft Visual Studio Solution File, Format Version 12.00
# Visual Studio Express 2012 for Windows 8
Project("{262852C6-CD72-467D-83FE-5EEB1973A190}") = "AgriExpenseDesktop", "AgriExpenseDesktop\AgriExpenseDesktop.jsproj", "{2EE29618-29BE-48D8-8C8B-64E60BC909FF}"
EndProject
Global
	GlobalSection(SolutionConfigurationPlatforms) = preSolution
		Debug|Any CPU = Debug|Any CPU
		Debug|ARM = Debug|ARM
		Debug|x64 = Debug|x64
		Debug|x86 = Debug|x86
		Release|Any CPU = Release|Any CPU
		Release|ARM = Release|ARM
		Release|x64 = Release|x64
		Release|x86 = Release|x86
	EndGlobalSection
	GlobalSection(ProjectConfigurationPlatforms) = postSolution
		{2EE29618-29BE-48D8-8C8B-64E60BC909FF}.Debug|Any CPU.ActiveCfg = Debug|Any CPU
		{2EE29618-29BE-48D8-8C8B-64E60BC909FF}.Debug|Any CPU.Build.0 = Debug|Any CPU
		{2EE29618-29BE-48D8-8C8B-64E60BC909FF}.Debug|Any CPU.Deploy.0 = Debug|Any CPU
		{2EE29618-29BE-48D8-8C8B-64E60BC909FF}.Debug|ARM.ActiveCfg = Debug|ARM
		{2EE29618-29BE-48D8-8C8B-64E60BC909FF}.Debug|ARM.Build.0 = Debug|ARM
		{2EE29618-29BE-48D8-8C8B-64E60BC909FF}.Debug|ARM.Deploy.0 = Debug|ARM
		{2EE29618-29BE-48D8-8C8B-64E60BC909FF}.Debug|x64.ActiveCfg = Debug|x64
		{2EE29618-29BE-48D8-8C8B-64E60BC909FF}.Debug|x64.Build.0 = Debug|x64
		{2EE29618-29BE-48D8-8C8B-64E60BC909FF}.Debug|x64.Deploy.0 = Debug|x64
		{2EE29618-29BE-48D8-8C8B-64E60BC909FF}.Debug|x86.ActiveCfg = Debug|x86
		{2EE29618-29BE-48D8-8C8B-64E60BC909FF}.Debug|x86.Build.0 = Debug|x86
		{2EE29618-29BE-48D8-8C8B-64E60BC909FF}.Debug|x86.Deploy.0 = Debug|x86
		{2EE29618-29BE-48D8-8C8B-64E60BC909FF}.Release|Any CPU.ActiveCfg = Release|Any CPU
		{2EE29618-29BE-48D8-8C8B-64E60BC909FF}.Release|Any CPU.Build.0 = Release|Any CPU
		{2EE29618-29BE-48D8-8C8B-64E60BC909FF}.Release|Any CPU.Deploy.0 = Release|Any CPU
		{2EE29618-29BE-48D8-8C8B-64E60BC909FF}.Release|ARM.ActiveCfg = Release|ARM
		{2EE29618-29BE-48D8-8C8B-64E60BC909FF}.Release|ARM.Build.0 = Release|ARM
		{2EE29618-29BE-48D8-8C8B-64E60BC909FF}.Release|ARM.Deploy.0 = Release|ARM
		{2EE29618-29BE-48D8-8C8B-64E60BC909FF}.Release|x64.ActiveCfg = Release|x64
		{2EE29618-29BE-48D8-8C8B-64E60BC909FF}.Release|x64.Build.0 = Release|x64
		{2EE29618-29BE-48D8-8C8B-64E60BC909FF}.Release|x64.Deploy.0 = Release|x64
		{2EE29618-29BE-48D8-8C8B-64E60BC909FF}.Release|x86.ActiveCfg = Release|x86
		{2EE29618-29BE-48D8-8C8B-64E60BC909FF}.Release|x86.Build.0 = Release|x86
		{2EE29618-29BE-48D8-8C8B-64E60BC909FF}.Release|x86.Deploy.0 = Release|x86
	EndGlobalSection
	GlobalSection(SolutionProperties) = preSolution
		HideSolutionNode = FALSE
	EndGlobalSection
EndGlobal
